version = 1
revision = 3
requires-python = ">=3.14"

[[package]]
name = "asgiref"
version = "3.12.1"
source = { registry = "https://pypi.org/simple" }
sdist = { url = "https://files.pythonhosted.org/packages/e6/26/3b59f2bdae5f640389becb1f673cded775287f5fc4f816309d9ca9a3f93d/asgiref-3.12.1.tar.gz", hash = "sha256:59dcb51c272ad209d59bed5708a64a333083e86017d7fcdd67498eeab7784340", size = 42378, upload-time = "2026-07-14T09:56:18.087Z" }
wheels = [
    { url = "https://files.pythonhosted.org/packages/c0/1b/54f4ad77cd8a584fa70746c47df988e002cf1ee1eba43364d46f87803647/asgiref-3.12.1-py3-none-any.whl", hash = "sha256:fe386d1c2bff7259ea95929266d12a8cf9a8b5a1c2598402967d8792e7a7c094", size = 25478, upload-time = "2026-07-14T09:56:16.926Z" },
]

[[package]]
name = "awscrt"
version = "0.36.1"
source = { registry = "https://pypi.org/simple" }
sdist = { url = "https://files.pythonhosted.org/packages/bd/38/c9945730e522610c2ebf1b38483f1575226e998ab27e8c553dd33fc64e4b/awscrt-0.36.1.tar.gz", hash = "sha256:bd1f86b092b57a9ec1f95138224007946eecdf944df1e08fd99f75b64fe2ad20", size = 37073487, upload-time = "2026-07-22T22:36:10.051Z" }
wheels = [
    { url = "https://files.pythonhosted.org/packages/e0/a4/7f36ac129f6ee3763a8e21b5200079dc4385cf991e12c68dad523b678acb/awscrt-0.36.1-cp311-abi3-macosx_10_15_universal2.whl", hash = "sha256:acf65d3f8475d7ff515f073f4a328ba6e8750b743d8c35c84f386f4e67b4e895", size = 5150126, upload-time = "2026-07-22T22:35:06.832Z" },
    { url = "https://files.pythonhosted.org/packages/d4/fc/32662533172aa8b5b58df99393b8e8e7cf4ffaf2c1c3a2f07956b6d7d95e/awscrt-0.36.1-cp311-abi3-manylinux2014_aarch64.manylinux_2_17_aarch64.whl", hash = "sha256:e1869970cf4901cb2fba3fdd8d0b562b4589df2592461d475cd3d9ba6df033b5", size = 3973971, upload-time = "2026-07-22T22:35:08.393Z" },
    { url = "https://files.pythonhosted.org/packages/2a/51/01b6e0f744e4903593725adab8cfc2cbef27b4cddf391f16ef3f23082201/awscrt-0.36.1-cp311-abi3-manylinux2014_x86_64.manylinux_2_17_x86_64.whl", hash = "sha256:ae816d7823bd3f5c28a696b257a369478d05c113aab95efc0d8e82c9636d4da1", size = 4265713, upload-time = "2026-07-22T22:35:09.973Z" },
    { url = "https://files.pythonhosted.org/packages/f2/90/ce7ce791deb63299e77cb05eb11e4e431b9ef065d5797567372fcec349e9/awscrt-0.36.1-cp311-abi3-musllinux_1_1_aarch64.whl", hash = "sha256:323240f4af170870cc205b8fda46fbe631349602dc7f4cfe8e3c128829f6e1aa", size = 3880791, upload-time = "2026-07-22T22:35:11.722Z" },
    { url = "https://files.pythonhosted.org/packages/41/20/81be812c8dcc69e5cf026a44414d04aecb5dcdbd06556d6fa61c4e7559dc/awscrt-0.36.1-cp311-abi3-musllinux_1_1_x86_64.whl", hash = "sha256:5c586b610a1bbaf30b258f1e3a6e350733dc6463243f3b05fb92865c300d66f0", size = 4122237, upload-time = "2026-07-22T22:35:13.293Z" },
    { url = "https://files.pythonhosted.org/packages/3d/32/215fd53c4ec006c5099dd2eb6dfca4d9969776ceb8eb0765c4ea2ee5c7b5/awscrt-0.36.1-cp311-abi3-win32.whl", hash = "sha256:1964ad779a7d7100c25819b7eaac830ff6660f785abb1c3763d2c9e80631418b", size = 4165455, upload-time = "2026-07-22T22:35:15.087Z" },
    { url = "https://files.pythonhosted.org/packages/d1/63/2bf078838d337cfd65bf04b595764ad96e6a846add46640918602f5043fb/awscrt-0.36.1-cp311-abi3-win_amd64.whl", hash = "sha256:0c268cd5f8b851a85d8f59c74cd4dd37a24d6040e102f13fb53d35f6d818e2ff", size = 4337628, upload-time = "2026-07-22T22:35:16.788Z" },
    { url = "https://files.pythonhosted.org/packages/e8/6f/9803918104b6efeee3b8db2d90c15b48f55e893893985e64a0fda879867d/awscrt-0.36.1-cp313-abi3-macosx_10_15_universal2.whl", hash = "sha256:783a58c3e81f20ed5ff70a9aa1ec6c25e56ce7937c020da5fb588ebbd03ff8f1", size = 5148377, upload-time = "2026-07-22T22:35:18.432Z" },
    { url = "https://files.pythonhosted.org/packages/11/5b/f9cd9140b72cb6140422bdd682aa004ac6e886be08ded42460164d377152/awscrt-0.36.1-cp313-abi3-manylinux2014_aarch64.manylinux_2_17_aarch64.whl", hash = "sha256:e38c9556bbcd7a645522768c9401b1573c8ac9ffe8835e4db66b97ace00d081e", size = 3963967, upload-time = "2026-07-22T22:35:20.574Z" },
    { url = "https://files.pythonhosted.org/packages/98/9d/6746f592b3164b2cadb50d0be967eb1cb996a934f7351104868b9b027f5c/awscrt-0.36.1-cp313-abi3-manylinux2014_x86_64.manylinux_2_17_x86_64.whl", hash = "sha256:a681912cca49b70d9e3ff3c9968884eabbbbe2761b67d010e6e9f10a06918a03", size = 4258939, upload-time = "2026-07-22T22:35:21.933Z" },
    { url = "https://files.pythonhosted.org/packages/70/d8/21f7740106889eb1a4eb93ef1f4e4270bb887239eaabb98ef7f0137614e4/awscrt-0.36.1-cp313-abi3-musllinux_1_1_aarch64.whl", hash = "sha256:674a346cfa5f57afd55ebeaa692bc093a694fd7bc184ddc911a77c7f01983b68", size = 3872987, upload-time = "2026-07-22T22:35:23.226Z" },
    { url = "https://files.pythonhosted.org/packages/f5/48/6cfddce18e068bd95f72ec3987bbc3c8f7dd9bcd3ec56427ccbe1e42182f/awscrt-0.36.1-cp313-abi3-musllinux_1_1_x86_64.whl", hash = "sha256:6fee2c1ab52656b2122661dc983d651fad0b70bc10f859e3e917c66b494ab4e4", size = 4117425, upload-time = "2026-07-22T22:35:24.572Z" },
    { url = "https://files.pythonhosted.org/packages/26/74/8a9394c137c9f679a5c4d01f19efdecd80208267ad31e654cdb5d58006f5/awscrt-0.36.1-cp313-abi3-win32.whl", hash = "sha256:5bbf2c9d8d9c60e0eff80601b0223600d6c6c4b02ff03e62e73534f1d752298b", size = 4162313, upload-time = "2026-07-22T22:35:25.929Z" },
    { url = "https://files.pythonhosted.org/packages/98/b9/52dee3a377b3e692b93564a5aa8b7ed54a2221bf7d3f3ea36859fa9bb031/awscrt-0.36.1-cp313-abi3-win_amd64.whl", hash = "sha256:df013e9f333f65716eec397802597daa9f03173a73247e14370fb4bd3551c859", size = 4334485, upload-time = "2026-07-22T22:35:27.427Z" },
    { url = "https://files.pythonhosted.org/packages/00/a9/de31c37fac1c8032bf905e459942f5a1285b9fa9a9633d34878e708d4020/awscrt-0.36.1-cp314-cp314t-macosx_10_15_universal2.whl", hash = "sha256:f15690e8c540a0df25eda32a9b1271d2693619bfb894569c0d583a19c54575a0", size = 5157394, upload-time = "2026-07-22T22:35:36.967Z" },
    { url = "https://files.pythonhosted.org/packages/85/50/26218a8e7b0698d238af7f182ce2884ee3b37d4443658eca673723957582/awscrt-0.36.1-cp314-cp314t-manylinux2014_aarch64.manylinux_2_17_aarch64.whl", hash = "sha256:0186d9d001ae0d223f2a81e0c020453806062e4a0cdcf92708b79b04bbff17c5", size = 4095277, upload-time = "2026-07-22T22:35:38.599Z" },
    { url = "https://files.pythonhosted.org/packages/28/9c/af784e31489248b2b80fcc203a8a284d50f77015fb1ec0f269e37a13e1fd/awscrt-0.36.1-cp314-cp314t-manylinux2014_x86_64.manylinux_2_17_x86_64.whl", hash = "sha256:9a35dfbec6f992905d3ac393c7d795b49e87c2cd725722bae11702b891f7c34c", size = 4385070, upload-time = "2026-07-22T22:35:39.982Z" },
    { url = "https://files.pythonhosted.org/packages/5b/df/99d6e8a46b7af49974610af139a41d0c1e29f017ce3e657fd4a2966d3ebf/awscrt-0.36.1-cp314-cp314t-win32.whl", hash = "sha256:7de5394f52b9c778d97b747dd7479a1fa973cdf015f8b550f0a0672dbf32026e", size = 4302710, upload-time = "2026-07-22T22:35:41.278Z" },
    { url = "https://files.pythonhosted.org/packages/03/e1/ce5bb8ffcc788360e4a596a1d9a5e3c9822df3891a376ad662d2cbe860d4/awscrt-0.36.1-cp314-cp314t-win_amd64.whl", hash = "sha256:147d501e67bc16d98cdbdffd9b53192d988077ffe67209b5fb4cbc1ca4b00b6d", size = 4480255, upload-time = "2026-07-22T22:35:42.722Z" },
]

[[package]]
name = "awsiotsdk"
version = "1.31.0"
source = { registry = "https://pypi.org/simple" }
dependencies = [
    { name = "awscrt" },
]
sdist = { url = "https://files.pythonhosted.org/packages/08/d3/c78e8af41eff13d03b206e3f455fdd549eb115c563f91fcdb2b3faa5e7ee/awsiotsdk-1.31.0.tar.gz", hash = "sha256:652c7c357f09ea983330a22b5b1b560defc23e738f85d1db7d2ca9517c033fde", size = 93527, upload-time = "2026-07-24T17:15:30.079Z" }
wheels = [
    { url = "https://files.pythonhosted.org/packages/4e/25/e2934e0146657391ad1b76acd09d03098a4ab547bc9a54820281c249c07c/awsiotsdk-1.31.0-py3-none-any.whl", hash = "sha256:ccc13b06fae815de223558da0b3354dfa310393cf196197ce3b4744204ec161a", size = 82573, upload-time = "2026-07-24T17:15:29.146Z" },
]

[[package]]
name = "django"
version = "6.0.7"
source = { registry = "https://pypi.org/simple" }
dependencies = [
    { name = "asgiref" },
    { name = "sqlparse" },
    { name = "tzdata", marker = "sys_platform == 'win32'" },
]
sdist = { url = "https://files.pythonhosted.org/packages/89/55/664f24ff81c9ea19cb7dfc851afeae1f3c2390c7aee01d4ded68b5c1580d/django-6.0.7.tar.gz", hash = "sha256:2998503fc083124fb58037084bfa00de323c7c743f05f1b4284e77bff0ab8890", size = 10921299, upload-time = "2026-07-07T13:51:26.485Z" }
wheels = [
    { url = "https://files.pythonhosted.org/packages/ba/ec/1ce5334b6a2c52ce619c23a0be8d366a57a0e080ebb2d88266e5c849157c/django-6.0.7-py3-none-any.whl", hash = "sha256:a037427c2288443a8c02a1b02295a31c239663aa682bc50b1976afb7cf6a769e", size = 8373344, upload-time = "2026-07-07T13:51:20.007Z" },
]

[[package]]
name = "django-extensions"
version = "4.1"
source = { registry = "https://pypi.org/simple" }
dependencies = [
    { name = "django" },
]
sdist = { url = "https://files.pythonhosted.org/packages/6d/b3/ed0f54ed706ec0b54fd251cc0364a249c6cd6c6ec97f04dc34be5e929eac/django_extensions-4.1.tar.gz", hash = "sha256:7b70a4d28e9b840f44694e3f7feb54f55d495f8b3fa6c5c0e5e12bcb2aa3cdeb", size = 283078, upload-time = "2025-04-11T01:15:39.617Z" }
wheels = [
    { url = "https://files.pythonhosted.org/packages/64/96/d967ca440d6a8e3861120f51985d8e5aec79b9a8bdda16041206adfe7adc/django_extensions-4.1-py3-none-any.whl", hash = "sha256:0699a7af28f2523bf8db309a80278519362cd4b6e1fd0a8cd4bf063e1e023336", size = 232980, upload-time = "2025-04-11T01:15:37.701Z" },
]

[[package]]
name = "djangorestframework"
version = "3.17.1"
source = { registry = "https://pypi.org/simple" }
dependencies = [
    { name = "django" },
]
sdist = { url = "https://files.pythonhosted.org/packages/ca/d7/c016e69fac19ff8afdc89db9d31d9ae43ae031e4d1993b20aca179b8301a/djangorestframework-3.17.1.tar.gz", hash = "sha256:a6def5f447fe78ff853bff1d47a3c59bf38f5434b031780b351b0c73a62db1a5", size = 905742, upload-time = "2026-03-24T16:58:33.705Z" }
wheels = [
    { url = "https://files.pythonhosted.org/packages/5a/e1/2c516bdc83652b1a60c6119366ac2c0607b479ed05cd6093f916ca8928f8/djangorestframework-3.17.1-py3-none-any.whl", hash = "sha256:c3c74dd3e83a5a3efc37b3c18d92bd6f86a6791c7b7d4dff62bb068500e76457", size = 898844, upload-time = "2026-03-24T16:58:31.845Z" },
]

[[package]]
name = "djangorestframework-simplejwt"
version = "5.5.1"
source = { registry = "https://pypi.org/simple" }
dependencies = [
    { name = "django" },
    { name = "djangorestframework" },
    { name = "pyjwt" },
]
sdist = { url = "https://files.pythonhosted.org/packages/a8/27/2874a325c11112066139769f7794afae238a07ce6adf96259f08fd37a9d7/djangorestframework_simplejwt-5.5.1.tar.gz", hash = "sha256:e72c5572f51d7803021288e2057afcbd03f17fe11d484096f40a460abc76e87f", size = 101265, upload-time = "2025-07-21T16:52:25.026Z" }
wheels = [
    { url = "https://files.pythonhosted.org/packages/60/94/fdfb7b2f0b16cd3ed4d4171c55c1c07a2d1e3b106c5978c8ad0c15b4a48b/djangorestframework_simplejwt-5.5.1-py3-none-any.whl", hash = "sha256:2c30f3707053d384e9f315d11c2daccfcb548d4faa453111ca19a542b732e469", size = 107674, upload-time = "2025-07-21T16:52:07.493Z" },
]

[[package]]
name = "graphviz"
version = "0.21"
source = { registry = "https://pypi.org/simple" }
sdist = { url = "https://files.pythonhosted.org/packages/f8/b3/3ac91e9be6b761a4b30d66ff165e54439dcd48b83f4e20d644867215f6ca/graphviz-0.21.tar.gz", hash = "sha256:20743e7183be82aaaa8ad6c93f8893c923bd6658a04c32ee115edb3c8a835f78", size = 200434, upload-time = "2025-06-15T09:35:05.824Z" }
wheels = [
    { url = "https://files.pythonhosted.org/packages/91/4c/e0ce1ef95d4000ebc1c11801f9b944fa5910ecc15b5e351865763d8657f8/graphviz-0.21-py3-none-any.whl", hash = "sha256:54f33de9f4f911d7e84e4191749cac8cc5653f815b06738c54db9a15ab8b1e42", size = 47300, upload-time = "2025-06-15T09:35:04.433Z" },
]

[[package]]
name = "gunicorn"
version = "26.0.0"
source = { registry = "https://pypi.org/simple" }
dependencies = [
    { name = "packaging" },
]
sdist = { url = "https://files.pythonhosted.org/packages/6d/b7/a4a3f632f823e432ce6bc65f62961b7980c898c77f075a2f7118cb3846fe/gunicorn-26.0.0.tar.gz", hash = "sha256:ca9346f85e3a4aeeb64d491045c16b9a35647abd37ea15efe53080eb8b090baf", size = 727286, upload-time = "2026-05-05T06:38:25.529Z" }
wheels = [
    { url = "https://files.pythonhosted.org/packages/e6/40/9c2384fc2be4ad25dd4a49decd5ad9ea5a3639814c11bd40ab77cb9f0a14/gunicorn-26.0.0-py3-none-any.whl", hash = "sha256:40233d26a5f0d1872916188c276e21641155111c2853f0c2cd55260aec0d24fc", size = 212009, upload-time = "2026-05-05T06:38:23.007Z" },
]

[[package]]
name = "inflection"
version = "0.5.1"
source = { registry = "https://pypi.org/simple" }
sdist = { url = "https://files.pythonhosted.org/packages/e1/7e/691d061b7329bc8d54edbf0ec22fbfb2afe61facb681f9aaa9bff7a27d04/inflection-0.5.1.tar.gz", hash = "sha256:1a29730d366e996aaacffb2f1f1cb9593dc38e2ddd30c91250c6dde09ea9b417", size = 15091, upload-time = "2020-08-22T08:16:29.139Z" }
wheels = [
    { url = "https://files.pythonhosted.org/packages/59/91/aa6bde563e0085a02a435aa99b49ef75b0a4b062635e606dab23ce18d720/inflection-0.5.1-py2.py3-none-any.whl", hash = "sha256:f38b2b640938a4f35ade69ac3d053042959b62a0f1076a5bbaa1b9526605a8a2", size = 9454, upload-time = "2020-08-22T08:16:27.816Z" },
]

[[package]]
name = "packaging"
version = "26.2"
source = { registry = "https://pypi.org/simple" }
sdist = { url = "https://files.pythonhosted.org/packages/d7/f1/e7a6dd94a8d4a5626c03e4e99c87f241ba9e350cd9e6d75123f992427270/packaging-26.2.tar.gz", hash = "sha256:ff452ff5a3e828ce110190feff1178bb1f2ea2281fa2075aadb987c2fb221661", size = 228134, upload-time = "2026-04-24T20:15:23.917Z" }
wheels = [
    { url = "https://files.pythonhosted.org/packages/df/b2/87e62e8c3e2f4b32e5fe99e0b86d576da1312593b39f47d8ceef365e95ed/packaging-26.2-py3-none-any.whl", hash = "sha256:5fc45236b9446107ff2415ce77c807cee2862cb6fac22b8a73826d0693b0980e", size = 100195, upload-time = "2026-04-24T20:15:22.081Z" },
]

[[package]]
name = "pika"
version = "1.4.4"
source = { registry = "https://pypi.org/simple" }
sdist = { url = "https://files.pythonhosted.org/packages/7f/26/54e0b98a7f60b474cb0a6c05ecf048d4bc8c866e10ab1c82bc83865e7421/pika-1.4.4.tar.gz", hash = "sha256:8cfc8b33a5cb16e733bd60cffca9732c0d1d761ecd80a89f34ed7df2cd38d6d6", size = 154713, upload-time = "2026-08-06T21:33:39.836Z" }
wheels = [
    { url = "https://files.pythonhosted.org/packages/7c/f3/921170b78779ac3f8b405cb28fce88acca1562ac114072cbf0a115e19bb9/pika-1.4.4-py3-none-any.whl", hash = "sha256:48de960c97a93b55db06b8be4c53eb977c9c8a2754c57cdae9097abcbd70ce04", size = 165275, upload-time = "2026-08-06T21:33:38.449Z" },
]

[[package]]
name = "pydotplus"
version = "2.0.2"
source = { registry = "https://pypi.org/simple" }
dependencies = [
    { name = "pyparsing" },
]
sdist = { url = "https://files.pythonhosted.org/packages/60/bf/62567830b700d9f6930e9ab6831d6ba256f7b0b730acb37278b0ccdffacf/pydotplus-2.0.2.tar.gz", hash = "sha256:91e85e9ee9b85d2391ead7d635e3d9c7f5f44fd60a60e59b13e2403fa66505c4", size = 278677, upload-time = "2014-12-09T00:53:49.515Z" }

[[package]]
name = "pyjwt"
version = "2.13.0"
source = { registry = "https://pypi.org/simple" }
sdist = { url = "https://files.pythonhosted.org/packages/3b/81/58d0ac84e1ef3a3843791d6954d94c0b33d526c75eeb1efbce9d0a4c4077/pyjwt-2.13.0.tar.gz", hash = "sha256:41571c89ca91598c79e8ef18a2d07367d4810fbbd6f637794879baf1b7703423", size = 107515, upload-time = "2026-05-21T19:54:36.618Z" }
wheels = [
    { url = "https://files.pythonhosted.org/packages/a3/5e/ecf12fdb62546d64385c158514e9b2b671f7832108ef2ecd2020ce0af2d1/pyjwt-2.13.0-py3-none-any.whl", hash = "sha256:66adcc2aff09b3f1bbd95fc1e1577df8ac8723c978552fd43304c8a290ac5728", size = 31274, upload-time = "2026-05-21T19:54:35.362Z" },
]

[[package]]
name = "pyparsing"
version = "3.3.2"
source = { registry = "https://pypi.org/simple" }
sdist = { url = "https://files.pythonhosted.org/packages/f3/91/9c6ee907786a473bf81c5f53cf703ba0957b23ab84c264080fb5a450416f/pyparsing-3.3.2.tar.gz", hash = "sha256:c777f4d763f140633dcb6d8a3eda953bf7a214dc4eff598413c070bcdc117cbc", size = 6851574, upload-time = "2026-01-21T03:57:59.36Z" }
wheels = [
    { url = "https://files.pythonhosted.org/packages/10/bd/c038d7cc38edc1aa5bf91ab8068b63d4308c66c4c8bb3cbba7dfbc049f9c/pyparsing-3.3.2-py3-none-any.whl", hash = "sha256:850ba148bd908d7e2411587e247a1e4f0327839c40e2e5e6d05a007ecc69911d", size = 122781, upload-time = "2026-01-21T03:57:55.912Z" },
]

[[package]]
name = "python-dotenv"
version = "1.2.2"
source = { registry = "https://pypi.org/simple" }
sdist = { url = "https://files.pythonhosted.org/packages/82/ed/0301aeeac3e5353ef3d94b6ec08bbcabd04a72018415dcb29e588514bba8/python_dotenv-1.2.2.tar.gz", hash = "sha256:2c371a91fbd7ba082c2c1dc1f8bf89ca22564a087c2c287cd9b662adde799cf3", size = 50135, upload-time = "2026-03-01T16:00:26.196Z" }
wheels = [
    { url = "https://files.pythonhosted.org/packages/0b/d7/1959b9648791274998a9c3526f6d0ec8fd2233e4d4acce81bbae76b44b2a/python_dotenv-1.2.2-py3-none-any.whl", hash = "sha256:1d8214789a24de455a8b8bd8ae6fe3c6b69a5e3d64aa8a8e5d68e694bbcb285a", size = 22101, upload-time = "2026-03-01T16:00:25.09Z" },
]

[[package]]
name = "pyyaml"
version = "6.0.3"
source = { registry = "https://pypi.org/simple" }
sdist = { url = "https://files.pythonhosted.org/packages/05/8e/961c0007c59b8dd7729d542c61a4d537767a59645b82a0b521206e1e25c2/pyyaml-6.0.3.tar.gz", hash = "sha256:d76623373421df22fb4cf8817020cbb7ef15c725b9d5e45f17e189bfc384190f", size = 130960, upload-time = "2025-09-25T21:33:16.546Z" }
wheels = [
    { url = "https://files.pythonhosted.org/packages/9d/8c/f4bd7f6465179953d3ac9bc44ac1a8a3e6122cf8ada906b4f96c60172d43/pyyaml-6.0.3-cp314-cp314-macosx_10_13_x86_64.whl", hash = "sha256:8d1fab6bb153a416f9aeb4b8763bc0f22a5586065f86f7664fc23339fc1c1fac", size = 181814, upload-time = "2025-09-25T21:32:35.712Z" },
    { url = "https://files.pythonhosted.org/packages/bd/9c/4d95bb87eb2063d20db7b60faa3840c1b18025517ae857371c4dd55a6b3a/pyyaml-6.0.3-cp314-cp314-macosx_11_0_arm64.whl", hash = "sha256:34d5fcd24b8445fadc33f9cf348c1047101756fd760b4dacb5c3e99755703310", size = 173809, upload-time = "2025-09-25T21:32:36.789Z" },
    { url = "https://files.pythonhosted.org/packages/92/b5/47e807c2623074914e29dabd16cbbdd4bf5e9b2db9f8090fa64411fc5382/pyyaml-6.0.3-cp314-cp314-manylinux2014_aarch64.manylinux_2_17_aarch64.manylinux_2_28_aarch64.whl", hash = "sha256:501a031947e3a9025ed4405a168e6ef5ae3126c59f90ce0cd6f2bfc477be31b7", size = 766454, upload-time = "2025-09-25T21:32:37.966Z" },
    { url = "https://files.pythonhosted.org/packages/02/9e/e5e9b168be58564121efb3de6859c452fccde0ab093d8438905899a3a483/pyyaml-6.0.3-cp314-cp314-manylinux2014_s390x.manylinux_2_17_s390x.manylinux_2_28_s390x.whl", hash = "sha256:b3bc83488de33889877a0f2543ade9f70c67d66d9ebb4ac959502e12de895788", size = 836355, upload-time = "2025-09-25T21:32:39.178Z" },
    { url = "https://files.pythonhosted.org/packages/88/f9/16491d7ed2a919954993e48aa941b200f38040928474c9e85ea9e64222c3/pyyaml-6.0.3-cp314-cp314-manylinux2014_x86_64.manylinux_2_17_x86_64.manylinux_2_28_x86_64.whl", hash = "sha256:c458b6d084f9b935061bc36216e8a69a7e293a2f1e68bf956dcd9e6cbcd143f5", size = 794175, upload-time = "2025-09-25T21:32:40.865Z" },
    { url = "https://files.pythonhosted.org/packages/dd/3f/5989debef34dc6397317802b527dbbafb2b4760878a53d4166579111411e/pyyaml-6.0.3-cp314-cp314-musllinux_1_2_aarch64.whl", hash = "sha256:7c6610def4f163542a622a73fb39f534f8c101d690126992300bf3207eab9764", size = 755228, upload-time = "2025-09-25T21:32:42.084Z" },
    { url = "https://files.pythonhosted.org/packages/d7/ce/af88a49043cd2e265be63d083fc75b27b6ed062f5f9fd6cdc223ad62f03e/pyyaml-6.0.3-cp314-cp314-musllinux_1_2_x86_64.whl", hash = "sha256:5190d403f121660ce8d1d2c1bb2ef1bd05b5f68533fc5c2ea899bd15f4399b35", size = 789194, upload-time = "2025-09-25T21:32:43.362Z" },
    { url = "https://files.pythonhosted.org/packages/23/20/bb6982b26a40bb43951265ba29d4c246ef0ff59c9fdcdf0ed04e0687de4d/pyyaml-6.0.3-cp314-cp314-win_amd64.whl", hash = "sha256:4a2e8cebe2ff6ab7d1050ecd59c25d4c8bd7e6f400f5f82b96557ac0abafd0ac", size = 156429, upload-time = "2025-09-25T21:32:57.844Z" },
    { url = "https://files.pythonhosted.org/packages/f4/f4/a4541072bb9422c8a883ab55255f918fa378ecf083f5b85e87fc2b4eda1b/pyyaml-6.0.3-cp314-cp314-win_arm64.whl", hash = "sha256:93dda82c9c22deb0a405ea4dc5f2d0cda384168e466364dec6255b293923b2f3", size = 143912, upload-time = "2025-09-25T21:32:59.247Z" },
    { url = "https://files.pythonhosted.org/packages/7c/f9/07dd09ae774e4616edf6cda684ee78f97777bdd15847253637a6f052a62f/pyyaml-6.0.3-cp314-cp314t-macosx_10_13_x86_64.whl", hash = "sha256:02893d100e99e03eda1c8fd5c441d8c60103fd175728e23e431db1b589cf5ab3", size = 189108, upload-time = "2025-09-25T21:32:44.377Z" },
    { url = "https://files.pythonhosted.org/packages/4e/78/8d08c9fb7ce09ad8c38ad533c1191cf27f7ae1effe5bb9400a46d9437fcf/pyyaml-6.0.3-cp314-cp314t-macosx_11_0_arm64.whl", hash = "sha256:c1ff362665ae507275af2853520967820d9124984e0f7466736aea23d8611fba", size = 183641, upload-time = "2025-09-25T21:32:45.407Z" },
    { url = "https://files.pythonhosted.org/packages/7b/5b/3babb19104a46945cf816d047db2788bcaf8c94527a805610b0289a01c6b/pyyaml-6.0.3-cp314-cp314t-manylinux2014_aarch64.manylinux_2_17_aarch64.manylinux_2_28_aarch64.whl", hash = "sha256:6adc77889b628398debc7b65c073bcb99c4a0237b248cacaf3fe8a557563ef6c", size = 831901, upload-time = "2025-09-25T21:32:48.83Z" },
    { url = "https://files.pythonhosted.org/packages/8b/cc/dff0684d8dc44da4d22a13f35f073d558c268780ce3c6ba1b87055bb0b87/pyyaml-6.0.3-cp314-cp314t-manylinux2014_s390x.manylinux_2_17_s390x.manylinux_2_28_s390x.whl", hash = "sha256:a80cb027f6b349846a3bf6d73b5e95e782175e52f22108cfa17876aaeff93702", size = 861132, upload-time = "2025-09-25T21:32:50.149Z" },
    { url = "https://files.pythonhosted.org/packages/b1/5e/f77dc6b9036943e285ba76b49e118d9ea929885becb0a29ba8a7c75e29fe/pyyaml-6.0.3-cp314-cp314t-manylinux2014_x86_64.manylinux_2_17_x86_64.manylinux_2_28_x86_64.whl", hash = "sha256:00c4bdeba853cc34e7dd471f16b4114f4162dc03e6b7afcc2128711f0eca823c", size = 839261, upload-time = "2025-09-25T21:32:51.808Z" },
    { url = "https://files.pythonhosted.org/packages/ce/88/a9db1376aa2a228197c58b37302f284b5617f56a5d959fd1763fb1675ce6/pyyaml-6.0.3-cp314-cp314t-musllinux_1_2_aarch64.whl", hash = "sha256:66e1674c3ef6f541c35191caae2d429b967b99e02040f5ba928632d9a7f0f065", size = 805272, upload-time = "2025-09-25T21:32:52.941Z" },
    { url = "https://files.pythonhosted.org/packages/da/92/1446574745d74df0c92e6aa4a7b0b3130706a4142b2d1a5869f2eaa423c6/pyyaml-6.0.3-cp314-cp314t-musllinux_1_2_x86_64.whl", hash = "sha256:16249ee61e95f858e83976573de0f5b2893b3677ba71c9dd36b9cf8be9ac6d65", size = 829923, upload-time = "2025-09-25T21:32:54.537Z" },
    { url = "https://files.pythonhosted.org/packages/f0/7a/1c7270340330e575b92f397352af856a8c06f230aa3e76f86b39d01b416a/pyyaml-6.0.3-cp314-cp314t-win_amd64.whl", hash = "sha256:4ad1906908f2f5ae4e5a8ddfce73c320c2a1429ec52eafd27138b7f1cbe341c9", size = 174062, upload-time = "2025-09-25T21:32:55.767Z" },
    { url = "https://files.pythonhosted.org/packages/f1/12/de94a39c2ef588c7e6455cfbe7343d3b2dc9d6b6b2f40c4c6565744c873d/pyyaml-6.0.3-cp314-cp314t-win_arm64.whl", hash = "sha256:ebc55a14a21cb14062aa4162f906cd962b28e2e9ea38f9b4391244cd8de4ae0b", size = 149341, upload-time = "2025-09-25T21:32:56.828Z" },
]

[[package]]
name = "sqlparse"
version = "0.5.5"
source = { registry = "https://pypi.org/simple" }
sdist = { url = "https://files.pythonhosted.org/packages/90/76/437d71068094df0726366574cf3432a4ed754217b436eb7429415cf2d480/sqlparse-0.5.5.tar.gz", hash = "sha256:e20d4a9b0b8585fdf63b10d30066c7c94c5d7a7ec47c889a2d83a3caa93ff28e", size = 120815, upload-time = "2025-12-19T07:17:45.073Z" }
wheels = [
    { url = "https://files.pythonhosted.org/packages/49/4b/359f28a903c13438ef59ebeee215fb25da53066db67b305c125f1c6d2a25/sqlparse-0.5.5-py3-none-any.whl", hash = "sha256:12a08b3bf3eec877c519589833aed092e2444e68240a3577e8e26148acc7b1ba", size = 46138, upload-time = "2025-12-19T07:17:46.573Z" },
]

[[package]]
name = "tzdata"
version = "2026.3"
source = { registry = "https://pypi.org/simple" }
sdist = { url = "https://files.pythonhosted.org/packages/92/ff/5a28bdfd8c3ebec42564ac7d0e54ca3db65044a9314a97f9564fa7a1e926/tzdata-2026.3.tar.gz", hash = "sha256:4a1518b8993086a7982523e071643f3c0e5f213e75b21318e78bcabfff9d1415", size = 198674, upload-time = "2026-07-10T08:50:37.887Z" }
wheels = [
    { url = "https://files.pythonhosted.org/packages/e5/6d/b53b99a9f2766d095985947a5782f1702cabb129a34f7a802d7197af832f/tzdata-2026.3-py2.py3-none-any.whl", hash = "sha256:dc096730c87af6cab1b171c9d532be840741ff5d459015e7f6947bd7d7e54931", size = 348168, upload-time = "2026-07-10T08:50:36.46Z" },
]

[[package]]
name = "uritemplate"
version = "4.2.0"
source = { registry = "https://pypi.org/simple" }
sdist = { url = "https://files.pythonhosted.org/packages/98/60/f174043244c5306c9988380d2cb10009f91563fc4b31293d27e17201af56/uritemplate-4.2.0.tar.gz", hash = "sha256:480c2ed180878955863323eea31b0ede668795de182617fef9c6ca09e6ec9d0e", size = 33267, upload-time = "2025-06-02T15:12:06.318Z" }
wheels = [
    { url = "https://files.pythonhosted.org/packages/a9/99/3ae339466c9183ea5b8ae87b34c0b897eda475d2aec2307cae60e5cd4f29/uritemplate-4.2.0-py3-none-any.whl", hash = "sha256:962201ba1c4edcab02e60f9a0d3821e82dfc5d2d6662a21abd533879bdb8a686", size = 11488, upload-time = "2025-06-02T15:12:03.405Z" },
]

[[package]]
name = "user-service"
version = "0.1.0"
source = { virtual = "." }
dependencies = [
    { name = "awsiotsdk" },
    { name = "django" },
    { name = "djangorestframework" },
    { name = "djangorestframework-simplejwt" },
    { name = "gunicorn" },
    { name = "inflection" },
    { name = "pika" },
    { name = "python-dotenv" },
    { name = "pyyaml" },
    { name = "uritemplate" },
]

[package.dev-dependencies]
dev = [
    { name = "django-extensions" },
    { name = "graphviz" },
    { name = "pydotplus" },
]

[package.metadata]
requires-dist = [
    { name = "awsiotsdk", specifier = ">=1.31.0" },
    { name = "django", specifier = ">=6.0.7" },
    { name = "djangorestframework", specifier = ">=3.17.1" },
    { name = "djangorestframework-simplejwt", specifier = ">=5.5.1" },
    { name = "gunicorn", specifier = ">=26.0.0" },
    { name = "inflection", specifier = ">=0.5.1" },
    { name = "pika", specifier = ">=1.4.4" },
    { name = "python-dotenv", specifier = ">=1.2.2" },
    { name = "pyyaml", specifier = ">=6.0.3" },
    { name = "uritemplate", specifier = ">=4.2.0" },
]

[package.metadata.requires-dev]
dev = [
    { name = "django-extensions", specifier = ">=4.1" },
    { name = "graphviz", specifier = ">=0.21" },
    { name = "pydotplus", specifier = ">=2.0.2" },
]
